// !$*UTF8*$!
{
	archiveVersion = 1;
	classes = {
	};
	objectVersion = 50;
	objects = {

/* Begin PBXBuildFile section */
		E209073925615F42009BCA2A /* AppDelegate.swift in Sources */ = {isa = PBXBuildFile; fileRef = E209073825615F42009BCA2A /* AppDelegate.swift */; };
		E209073B25615F42009BCA2A /* SceneDelegate.swift in Sources */ = {isa = PBXBuildFile; fileRef = E209073A25615F42009BCA2A /* SceneDelegate.swift */; };
		E209074025615F42009BCA2A /* Main.storyboard in Resources */ = {isa = PBXBuildFile; fileRef = E209073E25615F42009BCA2A /* Main.storyboard */; };
		E209074225615F48009BCA2A /* Assets.xcassets in Resources */ = {isa = PBXBuildFile; fileRef = E209074125615F48009BCA2A /* Assets.xcassets */; };
		E209074525615F48009BCA2A /* LaunchScreen.storyboard in Resources */ = {isa = PBXBuildFile; fileRef = E209074325615F48009BCA2A /* LaunchScreen.storyboard */; };
		E209074F25615FBB009BCA2A /* TasksController.swift in Sources */ = {isa = PBXBuildFile; fileRef = E209074E25615FBB009BCA2A /* TasksController.swift */; };
		E258FF7425639CDF006515B1 /* Task.swift in Sources */ = {isa = PBXBuildFile; fileRef = E258FF7325639CDF006515B1 /* Task.swift */; };
		E258FF7C25639E63006515B1 /* TaskStore.swift in Sources */ = {isa = PBXBuildFile; fileRef = E258FF7B25639E63006515B1 /* TaskStore.swift */; };
/* End PBXBuildFile section */

/* Begin PBXFileReference section */
		E209073525615F42009BCA2A /* Tasker.app */ = {isa = PBXFileReference; explicitFileType = wrapper.application; includeInIndex = 0; path = Tasker.app; sourceTree = BUILT_PRODUCTS_DIR; };
		E209073825615F42009BCA2A /* AppDelegate.swift */ = {isa = PBXFileReference; lastKnownFileType = sourcecode.swift; path = AppDelegate.swift; sourceTree = "<group>"; };
		E209073A25615F42009BCA2A /* SceneDelegate.swift */ = {isa = PBXFileReference; lastKnownFileType = sourcecode.swift; path = SceneDelegate.swift; sourceTree = "<group>"; };
		E209073F25615F42009BCA2A /* Base */ = {isa = PBXFileReference; lastKnownFileType = file.storyboard; name = Base; path = Base.lproj/Main.storyboard; sourceTree = "<group>"; };
		E209074125615F48009BCA2A /* Assets.xcassets */ = {isa = PBXFileReference; lastKnownFileType = folder.assetcatalog; path = Assets.xcassets; sourceTree = "<group>"; };
		E209074425615F48009BCA2A /* Base */ = {isa = PBXFileReference; lastKnownFileType = file.storyboard; name = Base; path = Base.lproj/LaunchScreen.storyboard; sourceTree = "<group>"; };
		E209074625615F48009BCA2A /* Info.plist */ = {isa = PBXFileReference; lastKnownFileType = text.plist.xml; path = Info.plist; sourceTree = "<group>"; };
		E209074E25615FBB009BCA2A /* TasksController.swift */ = {isa = PBXFileReference; lastKnownFileType = sourcecode.swift; path = TasksController.swift; sourceTree = "<group>"; };
		E258FF7325639CDF006515B1 /* Task.swift */ = {isa = PBXFileReference; lastKnownFileType = sourcecode.swift; path = Task.swift; sourceTree = "<group>"; };
		E258FF7B25639E63006515B1 /* TaskStore.swift */ = {isa = PBXFileReference; lastKnownFileType = sourcecode.swift; path = TaskStore.swift; sourceTree = "<group>"; };
/* End PBXFileReference section */

/* Begin PBXFrameworksBuildPhase section */
		E209073225615F42009BCA2A /* Frameworks */ = {
			isa = PBXFrameworksBuildPhase;
			buildActionMask = 2147483647;
			files = (
			);
			runOnlyForDeploymentPostprocessing = 0;
		};
/* End PBXFrameworksBuildPhase section */

/* Begin PBXGroup section */
		E209072C25615F42009BCA2A = {
			isa = PBXGroup;
			children = (
				E209073725615F42009BCA2A /* Tasker */,
				E209073625615F42009BCA2A /* Products */,
			);
			sourceTree = "<group>";
		};
		E209073625615F42009BCA2A /* Products */ = {
			isa = PBXGroup;
			children = (
				E209073525615F42009BCA2A /* Tasker.app */,
			);
			name = Products;
			sourceTree = "<group>";
		};
		E209073725615F42009BCA2A /* Tasker */ = {
			isa = PBXGroup;
			children = (
				E209073825615F42009BCA2A /* AppDelegate.swift */,
				E209073A25615F42009BCA2A /* SceneDelegate.swift */,
				E258FF7825639CF9006515B1 /* Model */,
				E258FF7A25639D10006515B1 /* View */,
				E258FF7925639D01006515B1 /* Controller */,
				E209074125615F48009BCA2A /* Assets.xcassets */,
				E209074325615F48009BCA2A /* LaunchScreen.storyboard */,
				E209074625615F48009BCA2A /* Info.plist */,
			);
			path = Tasker;
			sourceTree = "<group>";
		};
		E258FF7825639CF9006515B1 /* Model */ = {
			isa = PBXGroup;
			children = (
				E258FF7325639CDF006515B1 /* Task.swift */,
				E258FF7B25639E63006515B1 /* TaskStore.swift */,
			);
			path = Model;
			sourceTree = "<group>";
		};
		E258FF7925639D01006515B1 /* Controller */ = {
			isa = PBXGroup;
			children = (
				E209074E25615FBB009BCA2A /* TasksController.swift */,
			);
			path = Controller;
			sourceTree = "<group>";
		};
		E258FF7A25639D10006515B1 /* View */ = {
			isa = PBXGroup;
			children = (
				E209073E25615F42009BCA2A /* Main.storyboard */,
			);
			path = View;
			sourceTree = "<group>";
		};
/* End PBXGroup section */

/* Begin PBXNativeTarget section */
		E209073425615F42009BCA2A /* Tasker */ = {
			isa = PBXNativeTarget;
			buildConfigurationList = E209074925615F48009BCA2A /* Build configuration list for PBXNativeTarget "Tasker" */;
			buildPhases = (
				E209073125615F42009BCA2A /* Sources */,
				E209073225615F42009BCA2A /* Frameworks */,
				E209073325615F42009BCA2A /* Resources */,
			);
			buildRules = (
			);
			dependencies = (
			);
			name = Tasker;
			productName = Tasker;
			productReference = E209073525615F42009BCA2A /* Tasker.app */;
			productType = "com.apple.product-type.application";
		};
/* End PBXNativeTarget section */

/* Begin PBXProject section */
		E209072D25615F42009BCA2A /* Project object */ = {
			isa = PBXProject;
			attributes = {
				LastSwiftUpdateCheck = 1220;
				LastUpgradeCheck = 1220;
				TargetAttributes = {
					E209073425615F42009BCA2A = {
						CreatedOnToolsVersion = 12.2;
					};
				};
			};
			buildConfigurationList = E209073025615F42009BCA2A /* Build configuration list for PBXProject "Tasker" */;
			compatibilityVersion = "Xcode 9.3";
			developmentRegion = en;
			hasScannedForEncodings = 0;
			knownRegions = (
				en,
				Base,
			);
			mainGroup = E209072C25615F42009BCA2A;
			productRefGroup = E209073625615F42009BCA2A /* Products */;
			projectDirPath = "";
			projectRoot = "";
			targets = (
				E209073425615F42009BCA2A /* Tasker */,
			);
		};
/* End PBXProject section */

/* Begin PBXResourcesBuildPhase section */
		E209073325615F42009BCA2A /* Resources */ = {
			isa = PBXResourcesBuildPhase;
			buildActionMask = 2147483647;
			files = (
				E209074525615F48009BCA2A /* LaunchScreen.storyboard in Resources */,
				E209074225615F48009BCA2A /* Assets.xcassets in Resources */,
				E209074025615F42009BCA2A /* Main.storyboard in Resources */,
			);
			runOnlyForDeploymentPostprocessing = 0;
		};
/* End PBXResourcesBuildPhase section */

/* Begin PBXSourcesBuildPhase section */
		E209073125615F42009BCA2A /* Sources */ = {
			isa = PBXSourcesBuildPhase;
			buildActionMask = 2147483647;
			files = (
				E258FF7C25639E63006515B1 /* TaskStore.swift in Sources */,
				E258FF7425639CDF006515B1 /* Task.swift in Sources */,
				E209073925615F42009BCA2A /* AppDelegate.swift in Sources */,
				E209074F25615FBB009BCA2A /* TasksController.swift in Sources */,
				E209073B25615F42009BCA2A /* SceneDelegate.swift in Sources */,
			);
			runOnlyForDeploymentPostprocessing = 0;
		};
/* End PBXSourcesBuildPhase section */

/* Begin PBXVariantGroup section */
		E209073E25615F42009BCA2A /* Main.storyboard */ = {
			isa = PBXVariantGroup;
			children = (
				E209073F25615F42009BCA2A /* Base */,
			);
			name = Main.storyboard;
			sourceTree = "<group>";
		};
		E209074325615F48009BCA2A /* LaunchScreen.storyboard */ = {
			isa = PBXVariantGroup;
			children = (
				E209074425615F48009BCA2A /* Base */,
			);
			name = LaunchScreen.storyboard;
			sourceTree = "<group>";
		};
/* End PBXVariantGroup section */

/* Begin XCBuildConfiguration section */
		E209074725615F48009BCA2A /* Debug */ = {
			isa = XCBuildConfiguration;
			buildSettings = {
				ALWAYS_SEARCH_USER_PATHS = NO;
				CLANG_ANALYZER_NONNULL = YES;
				CLANG_ANALYZER_NUMBER_OBJECT_CONVERSION = YES_AGGRESSIVE;
				CLANG_CXX_LANGUAGE_STANDARD = "gnu++14";
				CLANG_CXX_LIBRARY = "libc++";
				CLANG_ENABLE_MODULES = YES;
				CLANG_ENABLE_OBJC_ARC = YES;
				CLANG_ENABLE_OBJC_WEAK = YES;
				CLANG_WARN_BLOCK_CAPTURE_AUTORELEASING = YES;
				CLANG_WARN_BOOL_CONVERSION = YES;
				CLANG_WARN_COMMA = YES;
				CLANG_WARN_CONSTANT_CONVERSION = YES;
				CLANG_WARN_DEPRECATED_OBJC_IMPLEMENTATIONS = YES;
				CLANG_WARN_DIRECT_OBJC_ISA_USAGE = YES_ERROR;
				CLANG_WARN_DOCUMENTATION_COMMENTS = YES;
				CLANG_WARN_EMPTY_BODY = YES;
				CLANG_WARN_ENUM_CONVERSION = YES;
				CLANG_WARN_INFINITE_RECURSION = YES;
				CLANG_WARN_INT_CONVERSION = YES;
				CLANG_WARN_NON_LITERAL_NULL_CONVERSION = YES;
				CLANG_WARN_OBJC_IMPLICIT_RETAIN_SELF = YES;
				CLANG_WARN_OBJC_LITERAL_CONVERSION = YES;
				CLANG_WARN_OBJC_ROOT_CLASS = YES_ERROR;
				CLANG_WARN_QUOTED_INCLUDE_IN_FRAMEWORK_HEADER = YES;
				CLANG_WARN_RANGE_LOOP_ANALYSIS = YES;
				CLANG_WARN_STRICT_PROTOTYPES = YES;
				CLANG_WARN_SUSPICIOUS_MOVE = YES;
				CLANG_WARN_UNGUARDED_AVAILABILITY = YES_AGGRESSIVE;
				CLANG_WARN_UNREACHABLE_CODE = YES;
				CLANG_WARN__DUPLICATE_METHOD_MATCH = YES;
				COPY_PHASE_STRIP = NO;
				DEBUG_INFORMATION_FORMAT = dwarf;
				ENABLE_STRICT_OBJC_MSGSEND = YES;
				ENABLE_TESTABILITY = YES;
				GCC_C_LANGUAGE_STANDARD = gnu11;
				GCC_DYNAMIC_NO_PIC = NO;
				GCC_NO_COMMON_BLOCKS = YES;
				GCC_OPTIMIZATION_LEVEL = 0;
				GCC_PREPROCESSOR_DEFINITIONS = (
					"DEBUG=1",
					"$(inherited)",
				);
				GCC_WARN_64_TO_32_BIT_CONVERSION = YES;
				GCC_WARN_ABOUT_RETURN_TYPE = YES_ERROR;
				GCC_WARN_UNDECLARED_SELECTOR = YES;
				GCC_WARN_UNINITIALIZED_AUTOS = YES_AGGRESSIVE;
				GCC_WARN_UNUSED_FUNCTION = YES;
				GCC_WARN_UNUSED_VARIABLE = YES;
				IPHONEOS_DEPLOYMENT_TARGET = 14.2;
				MTL_ENABLE_DEBUG_INFO = INCLUDE_SOURCE;
				MTL_FAST_MATH = YES;
				ONLY_ACTIVE_ARCH = YES;
				SDKROOT = iphoneos;
				SWIFT_ACTIVE_COMPILATION_CONDITIONS = DEBUG;
				SWIFT_OPTIMIZATION_LEVEL = "-Onone";
			};
			name = Debug;
		};
		E209074825615F48009BCA2A /* Release */ = {
			isa = XCBuildConfiguration;
			buildSettings = {
				ALWAYS_SEARCH_USER_PATHS = NO;
				CLANG_ANALYZER_NONNULL = YES;
				CLANG_ANALYZER_NUMBER_OBJECT_CONVERSION = YES_AGGRESSIVE;
				CLANG_CXX_LANGUAGE_STANDARD = "gnu++14";
				CLANG_CXX_LIBRARY = "libc++";
				CLANG_ENABLE_MODULES = YES;
				CLANG_ENABLE_OBJC_ARC = YES;
				CLANG_ENABLE_OBJC_WEAK = YES;
				CLANG_WARN_BLOCK_CAPTURE_AUTORELEASING = YES;
				CLANG_WARN_BOOL_CONVERSION = YES;
				CLANG_WARN_COMMA = YES;
				CLANG_WARN_CONSTANT_CONVERSION = YES;
				CLANG_WARN_DEPRECATED_OBJC_IMPLEMENTATIONS = YES;
				CLANG_WARN_DIRECT_OBJC_ISA_USAGE = YES_ERROR;
				CLANG_WARN_DOCUMENTATION_COMMENTS = YES;
				CLANG_WARN_EMPTY_BODY = YES;
				CLANG_WARN_ENUM_CONVERSION = YES;
				CLANG_WARN_INFINITE_RECURSION = YES;
				CLANG_WARN_INT_CONVERSION = YES;
				CLANG_WARN_NON_LITERAL_NULL_CONVERSION = YES;
				CLANG_WARN_OBJC_IMPLICIT_RETAIN_SELF = YES;
				CLANG_WARN_OBJC_LITERAL_CONVERSION = YES;
				CLANG_WARN_OBJC_ROOT_CLASS = YES_ERROR;
				CLANG_WARN_QUOTED_INCLUDE_IN_FRAMEWORK_HEADER = YES;
				CLANG_WARN_RANGE_LOOP_ANALYSIS = YES;
				CLANG_WARN_STRICT_PROTOTYPES = YES;
				CLANG_WARN_SUSPICIOUS_MOVE = YES;
				CLANG_WARN_UNGUARDED_AVAILABILITY = YES_AGGRESSIVE;
				CLANG_WARN_UNREACHABLE_CODE = YES;
				CLANG_WARN__DUPLICATE_METHOD_MATCH = YES;
				COPY_PHASE_STRIP = NO;
				DEBUG_INFORMATION_FORMAT = "dwarf-with-dsym";
				ENABLE_NS_ASSERTIONS = NO;
				ENABLE_STRICT_OBJC_MSGSEND = YES;
				GCC_C_LANGUAGE_STANDARD = gnu11;
				GCC_NO_COMMON_BLOCKS = YES;
				GCC_WARN_64_TO_32_BIT_CONVERSION = YES;
				GCC_WARN_ABOUT_RETURN_TYPE = YES_ERROR;
				GCC_WARN_UNDECLARED_SELECTOR = YES;
				GCC_WARN_UNINITIALIZED_AUTOS = YES_AGGRESSIVE;
				GCC_WARN_UNUSED_FUNCTION = YES;
				GCC_WARN_UNUSED_VARIABLE = YES;
				IPHONEOS_DEPLOYMENT_TARGET = 14.2;
				MTL_ENABLE_DEBUG_INFO = NO;
				MTL_FAST_MATH = YES;
				SDKROOT = iphoneos;
				SWIFT_COMPILATION_MODE = wholemodule;
				SWIFT_OPTIMIZATION_LEVEL = "-O";
				VALIDATE_PRODUCT = YES;
			};
			name = Release;
		};
		E209074A25615F48009BCA2A /* Debug */ = {
			isa = XCBuildConfiguration;
			buildSettings = {
				ASSETCATALOG_COMPILER_APPICON_NAME = AppIcon;
				ASSETCATALOG_COMPILER_GLOBAL_ACCENT_COLOR_NAME = AccentColor;
				CODE_SIGN_STYLE = Automatic;
				DEVELOPMENT_TEAM = ZBFK3GKKGM;
				INFOPLIST_FILE = Tasker/Info.plist;
				LD_RUNPATH_SEARCH_PATHS = (
					"$(inherited)",
					"@executable_path/Frameworks",
				);
				PRODUCT_BUNDLE_IDENTIFIER = com.kerechanin.Tasker;
				PRODUCT_NAME = "$(TARGET_NAME)";
				SWIFT_VERSION = 5.0;
				TARGETED_DEVICE_FAMILY = "1,2";
			};
			name = Debug;
		};
		E209074B25615F48009BCA2A /* Release */ = {
			isa = XCBuildConfiguration;
			buildSettings = {
				ASSETCATALOG_COMPILER_APPICON_NAME = AppIcon;
				ASSETCATALOG_COMPILER_GLOBAL_ACCENT_COLOR_NAME = AccentColor;
				CODE_SIGN_STYLE = Automatic;
				DEVELOPMENT_TEAM = ZBFK3GKKGM;
				INFOPLIST_FILE = Tasker/Info.plist;
				LD_RUNPATH_SEARCH_PATHS = (
					"$(inherited)",
					"@executable_path/Frameworks",
				);
				PRODUCT_BUNDLE_IDENTIFIER = com.kerechanin.Tasker;
				PRODUCT_NAME = "$(TARGET_NAME)";
				SWIFT_VERSION = 5.0;
				TARGETED_DEVICE_FAMILY = "1,2";
			};
			name = Release;
		};
/* End XCBuildConfiguration section */

/* Begin XCConfigurationList section */
		E209073025615F42009BCA2A /* Build configuration list for PBXProject "Tasker" */ = {
			isa = XCConfigurationList;
			buildConfigurations = (
				E209074725615F48009BCA2A /* Debug */,
				E209074825615F48009BCA2A /* Release */,
			);
			defaultConfigurationIsVisible = 0;
			defaultConfigurationName = Release;
		};
		E209074925615F48009BCA2A /* Build configuration list for PBXNativeTarget "Tasker" */ = {
			isa = XCConfigurationList;
			buildConfigurations = (
				E209074A25615F48009BCA2A /* Debug */,
				E209074B25615F48009BCA2A /* Release */,
			);
			defaultConfigurationIsVisible = 0;
			defaultConfigurationName = Release;
		};
/* End XCConfigurationList section */
	};
	rootObject = E209072D25615F42009BCA2A /* Project object */;
}
